// !$*UTF8*$!
{
	archiveVersion = 1;
	classes = {
	};
	objectVersion = 46;
	objects = {

/* Begin PBXBuildFile section */
		F2319FE81D5B222E002BAF5B /* AppDelegate.swift in Sources */ = {isa = PBXBuildFile; fileRef = F2319FE71D5B222E002BAF5B /* AppDelegate.swift */; };
		F2319FEA1D5B222E002BAF5B /* ViewController.swift in Sources */ = {isa = PBXBuildFile; fileRef = F2319FE91D5B222E002BAF5B /* ViewController.swift */; };
		F2319FED1D5B222E002BAF5B /* Main.storyboard in Resources */ = {isa = PBXBuildFile; fileRef = F2319FEB1D5B222E002BAF5B /* Main.storyboard */; };
		F2319FEF1D5B222E002BAF5B /* Assets.xcassets in Resources */ = {isa = PBXBuildFile; fileRef = F2319FEE1D5B222E002BAF5B /* Assets.xcassets */; };
		F2319FF21D5B222E002BAF5B /* LaunchScreen.storyboard in Resources */ = {isa = PBXBuildFile; fileRef = F2319FF01D5B222E002BAF5B /* LaunchScreen.storyboard */; };
/* End PBXBuildFile section */

/* Begin PBXFileReference section */
		F2319FE41D5B222E002BAF5B /* FSNetwork.app */ = {isa = PBXFileReference; explicitFileType = wrapper.application; includeInIndex = 0; path = FSNetwork.app; sourceTree = BUILT_PRODUCTS_DIR; };
		F2319FE71D5B222E002BAF5B /* AppDelegate.swift */ = {isa = PBXFileReference; lastKnownFileType = sourcecode.swift; path = AppDelegate.swift; sourceTree = "<group>"; };
		F2319FE91D5B222E002BAF5B /* ViewController.swift */ = {isa = PBXFileReference; lastKnownFileType = sourcecode.swift; path = ViewController.swift; sourceTree = "<group>"; };
		F2319FEC1D5B222E002BAF5B /* Base */ = {isa = PBXFileReference; lastKnownFileType = file.storyboard; name = Base; path = Base.lproj/Main.storyboard; sourceTree = "<group>"; };
		F2319FEE1D5B222E002BAF5B /* Assets.xcassets */ = {isa = PBXFileReference; lastKnownFileType = folder.assetcatalog; path = Assets.xcassets; sourceTree = "<group>"; };
		F2319FF11D5B222E002BAF5B /* Base */ = {isa = PBXFileReference; lastKnownFileType = file.storyboard; name = Base; path = Base.lproj/LaunchScreen.storyboard; sourceTree = "<group>"; };
		F2319FF31D5B222E002BAF5B /* Info.plist */ = {isa = PBXFileReference; lastKnownFileType = text.plist.xml; path = Info.plist; sourceTree = "<group>"; };
/* End PBXFileReference section */

/* Begin PBXFrameworksBuildPhase section */
		F2319FE11D5B222E002BAF5B /* Frameworks */ = {
			isa = PBXFrameworksBuildPhase;
			buildActionMask = 2147483647;
			files = (
			);
			runOnlyForDeploymentPostprocessing = 0;
		};
/* End PBXFrameworksBuildPhase section */

/* Begin PBXGroup section */
		F2319FDB1D5B222E002BAF5B = {
			isa = PBXGroup;
			children = (
				F2319FE61D5B222E002BAF5B /* FSNetwork */,
				F2319FE51D5B222E002BAF5B /* Products */,
			);
			sourceTree = "<group>";
		};
		F2319FE51D5B222E002BAF5B /* Products */ = {
			isa = PBXGroup;
			children = (
				F2319FE41D5B222E002BAF5B /* FSNetwork.app */,
			);
			name = Products;
			sourceTree = "<group>";
		};
		F2319FE61D5B222E002BAF5B /* FSNetwork */ = {
			isa = PBXGroup;
			children = (
				F2319FE71D5B222E002BAF5B /* AppDelegate.swift */,
				F2319FE91D5B222E002BAF5B /* ViewController.swift */,
				F2319FEB1D5B222E002BAF5B /* Main.storyboard */,
				F2319FEE1D5B222E002BAF5B /* Assets.xcassets */,
				F2319FF01D5B222E002BAF5B /* LaunchScreen.storyboard */,
				F2319FF31D5B222E002BAF5B /* Info.plist */,
			);
			path = FSNetwork;
			sourceTree = "<group>";
		};
/* End PBXGroup section */

/* Begin PBXNativeTarget section */
		F2319FE31D5B222E002BAF5B /* FSNetwork */ = {
			isa = PBXNativeTarget;
			buildConfigurationList = F2319FF61D5B222E002BAF5B /* Build configuration list for PBXNativeTarget "FSNetwork" */;
			buildPhases = (
				F2319FE01D5B222E002BAF5B /* Sources */,
				F2319FE11D5B222E002BAF5B /* Frameworks */,
				F2319FE21D5B222E002BAF5B /* Resources */,
			);
			buildRules = (
			);
			dependencies = (
			);
			name = FSNetwork;
			productName = FSNetwork;
			productReference = F2319FE41D5B222E002BAF5B /* FSNetwork.app */;
			productType = "com.apple.product-type.application";
		};
/* End PBXNativeTarget section */

/* Begin PBXProject section */
		F2319FDC1D5B222E002BAF5B /* Project object */ = {
			isa = PBXProject;
			attributes = {
				LastSwiftUpdateCheck = 0800;
				LastUpgradeCheck = 0800;
				ORGANIZATIONNAME = FsThatOne;
				TargetAttributes = {
					F2319FE31D5B222E002BAF5B = {
						CreatedOnToolsVersion = 8.0;
						DevelopmentTeam = 2ZD2CZ782K;
						ProvisioningStyle = Automatic;
					};
				};
			};
			buildConfigurationList = F2319FDF1D5B222E002BAF5B /* Build configuration list for PBXProject "FSNetwork" */;
			compatibilityVersion = "Xcode 3.2";
			developmentRegion = English;
			hasScannedForEncodings = 0;
			knownRegions = (
				en,
				Base,
			);
			mainGroup = F2319FDB1D5B222E002BAF5B;
			productRefGroup = F2319FE51D5B222E002BAF5B /* Products */;
			projectDirPath = "";
			projectRoot = "";
			targets = (
				F2319FE31D5B222E002BAF5B /* FSNetwork */,
			);
		};
/* End PBXProject section */

/* Begin PBXResourcesBuildPhase section */
		F2319FE21D5B222E002BAF5B /* Resources */ = {
			isa = PBXResourcesBuildPhase;
			buildActionMask = 2147483647;
			files = (
				F2319FF21D5B222E002BAF5B /* LaunchScreen.storyboard in Resources */,
				F2319FEF1D5B222E002BAF5B /* Assets.xcassets in Resources */,
				F2319FED1D5B222E002BAF5B /* Main.storyboard in Resources */,
			);
			runOnlyForDeploymentPostprocessing = 0;
		};
/* End PBXResourcesBuildPhase section */

/* Begin PBXSourcesBuildPhase section */
		F2319FE01D5B222E002BAF5B /* Sources */ = {
			isa = PBXSourcesBuildPhase;
			buildActionMask = 2147483647;
			files = (
				F2319FEA1D5B222E002BAF5B /* ViewController.swift in Sources */,
				F2319FE81D5B222E002BAF5B /* AppDelegate.swift in Sources */,
			);
			runOnlyForDeploymentPostprocessing = 0;
		};
/* End PBXSourcesBuildPhase section */

/* Begin PBXVariantGroup section */
		F2319FEB1D5B222E002BAF5B /* Main.storyboard */ = {
			isa = PBXVariantGroup;
			children = (
				F2319FEC1D5B222E002BAF5B /* Base */,
			);
			name = Main.storyboard;
			sourceTree = "<group>";
		};
		F2319FF01D5B222E002BAF5B /* LaunchScreen.storyboard */ = {
			isa = PBXVariantGroup;
			children = (
				F2319FF11D5B222E002BAF5B /* Base */,
			);
			name = LaunchScreen.storyboard;
			sourceTree = "<group>";
		};
/* End PBXVariantGroup section */

/* Begin XCBuildConfiguration section */
		F2319FF41D5B222E002BAF5B /* Debug */ = {
			isa = XCBuildConfiguration;
			buildSettings = {
				ALWAYS_SEARCH_USER_PATHS = NO;
				CLANG_ANALYZER_NONNULL = YES;
				CLANG_CXX_LANGUAGE_STANDARD = "gnu++0x";
				CLANG_CXX_LIBRARY = "libc++";
				CLANG_ENABLE_MODULES = YES;
				CLANG_ENABLE_OBJC_ARC = YES;
				CLANG_WARN_BOOL_CONVERSION = YES;
				CLANG_WARN_CONSTANT_CONVERSION = YES;
				CLANG_WARN_DIRECT_OBJC_ISA_USAGE = YES_ERROR;
				CLANG_WARN_DOCUMENTATION_COMMENTS = YES;
				CLANG_WARN_EMPTY_BODY = YES;
				CLANG_WARN_ENUM_CONVERSION = YES;
				CLANG_WARN_INFINITE_RECURSION = YES;
				CLANG_WARN_INT_CONVERSION = YES;
				CLANG_WARN_OBJC_ROOT_CLASS = YES_ERROR;
				CLANG_WARN_SUSPICIOUS_MOVES = YES;
				CLANG_WARN_UNREACHABLE_CODE = YES;
				CLANG_WARN__DUPLICATE_METHOD_MATCH = YES;
				"CODE_SIGN_IDENTITY[sdk=iphoneos*]" = "iPhone Developer";
				COPY_PHASE_STRIP = NO;
				DEBUG_INFORMATION_FORMAT = dwarf;
				ENABLE_STRICT_OBJC_MSGSEND = YES;
				ENABLE_TESTABILITY = YES;
				GCC_C_LANGUAGE_STANDARD = gnu99;
				GCC_DYNAMIC_NO_PIC = NO;
				GCC_NO_COMMON_BLOCKS = YES;
				GCC_OPTIMIZATION_LEVEL = 0;
				GCC_PREPROCESSOR_DEFINITIONS = (
					"DEBUG=1",
					"$(inherited)",
				);
				GCC_WARN_64_TO_32_BIT_CONVERSION = YES;
				GCC_WARN_ABOUT_RETURN_TYPE = YES_ERROR;
				GCC_WARN_UNDECLARED_SELECTOR = YES;
				GCC_WARN_UNINITIALIZED_AUTOS = YES_AGGRESSIVE;
				GCC_WARN_UNUSED_FUNCTION = YES;
				GCC_WARN_UNUSED_VARIABLE = YES;
				IPHONEOS_DEPLOYMENT_TARGET = 10.0;
				MTL_ENABLE_DEBUG_INFO = YES;
				ONLY_ACTIVE_ARCH = YES;
				SDKROOT = iphoneos;
				SWIFT_ACTIVE_COMPILATION_CONDITIONS = DEBUG;
				SWIFT_OPTIMIZATION_LEVEL = "-Onone";
			};
			name = Debug;
		};
		F2319FF51D5B222E002BAF5B /* Release */ = {
			isa = XCBuildConfiguration;
			buildSettings = {
				ALWAYS_SEARCH_USER_PATHS = NO;
				CLANG_ANALYZER_NONNULL = YES;
				CLANG_CXX_LANGUAGE_STANDARD = "gnu++0x";
				CLANG_CXX_LIBRARY = "libc++";
				CLANG_ENABLE_MODULES = YES;
				CLANG_ENABLE_OBJC_ARC = YES;
				CLANG_WARN_BOOL_CONVERSION = YES;
				CLANG_WARN_CONSTANT_CONVERSION = YES;
				CLANG_WARN_DIRECT_OBJC_ISA_USAGE = YES_ERROR;
				CLANG_WARN_DOCUMENTATION_COMMENTS = YES;
				CLANG_WARN_EMPTY_BODY = YES;
				CLANG_WARN_ENUM_CONVERSION = YES;
				CLANG_WARN_INFINITE_RECURSION = YES;
				CLANG_WARN_INT_CONVERSION = YES;
				CLANG_WARN_OBJC_ROOT_CLASS = YES_ERROR;
				CLANG_WARN_SUSPICIOUS_MOVES = YES;
				CLANG_WARN_UNREACHABLE_CODE = YES;
				CLANG_WARN__DUPLICATE_METHOD_MATCH = YES;
				"CODE_SIGN_IDENTITY[sdk=iphoneos*]" = "iPhone Developer";
				COPY_PHASE_STRIP = NO;
				DEBUG_INFORMATION_FORMAT = "dwarf-with-dsym";
				ENABLE_NS_ASSERTIONS = NO;
				ENABLE_STRICT_OBJC_MSGSEND = YES;
				GCC_C_LANGUAGE_STANDARD = gnu99;
				GCC_NO_COMMON_BLOCKS = YES;
				GCC_WARN_64_TO_32_BIT_CONVERSION = YES;
				GCC_WARN_ABOUT_RETURN_TYPE = YES_ERROR;
				GCC_WARN_UNDECLARED_SELECTOR = YES;
				GCC_WARN_UNINITIALIZED_AUTOS = YES_AGGRESSIVE;
				GCC_WARN_UNUSED_FUNCTION = YES;
				GCC_WARN_UNUSED_VARIABLE = YES;
				IPHONEOS_DEPLOYMENT_TARGET = 10.0;
				MTL_ENABLE_DEBUG_INFO = NO;
				SDKROOT = iphoneos;
				SWIFT_OPTIMIZATION_LEVEL = "-Owholemodule";
				VALIDATE_PRODUCT = YES;
			};
			name = Release;
		};
		F2319FF71D5B222E002BAF5B /* Debug */ = {
			isa = XCBuildConfiguration;
			buildSettings = {
				ASSETCATALOG_COMPILER_APPICON_NAME = AppIcon;
				DEVELOPMENT_TEAM = 2ZD2CZ782K;
				INFOPLIST_FILE = FSNetwork/Info.plist;
				LD_RUNPATH_SEARCH_PATHS = "$(inherited) @executable_path/Frameworks";
				PRODUCT_BUNDLE_IDENTIFIER = FsThatOne.FSDemos.FSNetwork;
				PRODUCT_NAME = "$(TARGET_NAME)";
				SWIFT_VERSION = 3.0;
			};
			name = Debug;
		};
		F2319FF81D5B222E002BAF5B /* Release */ = {
			isa = XCBuildConfiguration;
			buildSettings = {
				ASSETCATALOG_COMPILER_APPICON_NAME = AppIcon;
				DEVELOPMENT_TEAM = 2ZD2CZ782K;
				INFOPLIST_FILE = FSNetwork/Info.plist;
				LD_RUNPATH_SEARCH_PATHS = "$(inherited) @executable_path/Frameworks";
				PRODUCT_BUNDLE_IDENTIFIER = FsThatOne.FSDemos.FSNetwork;
				PRODUCT_NAME = "$(TARGET_NAME)";
				SWIFT_VERSION = 3.0;
			};
			name = Release;
		};
/* End XCBuildConfiguration section */

/* Begin XCConfigurationList section */
		F2319FDF1D5B222E002BAF5B /* Build configuration list for PBXProject "FSNetwork" */ = {
			isa = XCConfigurationList;
			buildConfigurations = (
				F2319FF41D5B222E002BAF5B /* Debug */,
				F2319FF51D5B222E002BAF5B /* Release */,
			);
			defaultConfigurationIsVisible = 0;
			defaultConfigurationName = Release;
		};
		F2319FF61D5B222E002BAF5B /* Build configuration list for PBXNativeTarget "FSNetwork" */ = {
			isa = XCConfigurationList;
			buildConfigurations = (
				F2319FF71D5B222E002BAF5B /* Debug */,
				F2319FF81D5B222E002BAF5B /* Release */,
			);
			defaultConfigurationIsVisible = 0;
		};
/* End XCConfigurationList section */
	};
	rootObject = F2319FDC1D5B222E002BAF5B /* Project object */;
}
